{
    "_meta": {
        "hash": {
            "sha256": "6f2e560bbb5d6de1ed96432c52117bc30334a80cfb0447b99a107969653d75e3"
        },
        "pipfile-spec": 6,
        "requires": {},
        "sources": [
            {
                "name": "pypi",
                "url": "https://pypi.org/simple",
                "verify_ssl": true
            }
        ]
    },
    "default": {
        "attrs": {
            "hashes": [
                "sha256:2d27e3784d7a565d36ab851fe94887c5eccd6a463168875832a1be79c82828b4",
                "sha256:626ba8234211db98e869df76230a137c4c40a12d72445c45d5f5b716f076e2fd"
            ],
            "markers": "python_version >= '2.7' and python_version not in '3.0, 3.1, 3.2, 3.3, 3.4'",
            "version": "==21.4.0"
        },
        "click": {
            "hashes": [
                "sha256:6a7a62563bbfabfda3a38f3023a1db4a35978c0abd76f6c9605ecd6554d6d9b1",
                "sha256:8458d7b1287c5fb128c90e23381cf99dcde74beaf6c7ff6384ce84d6fe090adb"
            ],
            "markers": "python_version >= '3.6'",
            "version": "==8.0.4"
        },
        "flask": {
            "hashes": [
                "sha256:13f9f196f330c7c2c5d7a5cf91af894110ca0215ac051b5844701f2bfd934d52",
                "sha256:45eb5a6fd193d6cf7e0cf5d8a5b31f83d5faae0293695626f539a823e93b13f6"
            ],
            "index": "pypi",
            "version": "==1.1.1"
        },
        "itsdangerous": {
            "hashes": [
                "sha256:7b7d3023cd35d9cb0c1fd91392f8c95c6fa02c59bf8ad64b8849be3401b95afb",
                "sha256:935642cd4b987cdbee7210080004033af76306757ff8b4c0a506a4b6e06f02cf"
            ],
            "markers": "python_version >= '3.7'",
            "version": "==2.1.1"
        },
        "jinja2": {
            "hashes": [
                "sha256:077ce6014f7b40d03b47d1f1ca4b0fc8328a692bd284016f806ed0eaca390ad8",
                "sha256:611bb273cd68f3b993fabdc4064fc858c5b47a973cb5aa7999ec1ba405c87cd7"
            ],
            "markers": "python_version >= '3.6'",
            "version": "==3.0.3"
        },
        "markupsafe": {
            "hashes": [
                "sha256:0212a68688482dc52b2d45013df70d169f542b7394fc744c02a57374a4207003",
                "sha256:089cf3dbf0cd6c100f02945abeb18484bd1ee57a079aefd52cffd17fba910b88",
                "sha256:10c1bfff05d95783da83491be968e8fe789263689c02724e0c691933c52994f5",
                "sha256:33b74d289bd2f5e527beadcaa3f401e0df0a89927c1559c8566c066fa4248ab7",
                "sha256:3799351e2336dc91ea70b034983ee71cf2f9533cdff7c14c90ea126bfd95d65a",
                "sha256:3ce11ee3f23f79dbd06fb3d63e2f6af7b12db1d46932fe7bd8afa259a5996603",
                "sha256:421be9fbf0ffe9ffd7a378aafebbf6f4602d564d34be190fc19a193232fd12b1",
                "sha256:43093fb83d8343aac0b1baa75516da6092f58f41200907ef92448ecab8825135",
                "sha256:46d00d6cfecdde84d40e572d63735ef81423ad31184100411e6e3388d405e247",
                "sha256:4a33dea2b688b3190ee12bd7cfa29d39c9ed176bda40bfa11099a3ce5d3a7ac6",
                "sha256:4b9fe39a2ccc108a4accc2676e77da025ce383c108593d65cc909add5c3bd601",
                "sha256:56442863ed2b06d19c37f94d999035e15ee982988920e12a5b4ba29b62ad1f77",
                "sha256:671cd1187ed5e62818414afe79ed29da836dde67166a9fac6d435873c44fdd02",
                "sha256:694deca8d702d5db21ec83983ce0bb4b26a578e71fbdbd4fdcd387daa90e4d5e",
                "sha256:6a074d34ee7a5ce3effbc526b7083ec9731bb3cbf921bbe1d3005d4d2bdb3a63",
                "sha256:6d0072fea50feec76a4c418096652f2c3238eaa014b2f94aeb1d56a66b41403f",
                "sha256:6fbf47b5d3728c6aea2abb0589b5d30459e369baa772e0f37a0320185e87c980",
                "sha256:7f91197cc9e48f989d12e4e6fbc46495c446636dfc81b9ccf50bb0ec74b91d4b",
                "sha256:86b1f75c4e7c2ac2ccdaec2b9022845dbb81880ca318bb7a0a01fbf7813e3812",
                "sha256:8dc1c72a69aa7e082593c4a203dcf94ddb74bb5c8a731e4e1eb68d031e8498ff",
                "sha256:8e3dcf21f367459434c18e71b2a9532d96547aef8a871872a5bd69a715c15f96",
                "sha256:8e576a51ad59e4bfaac456023a78f6b5e6e7651dcd383bcc3e18d06f9b55d6d1",
                "sha256:96e37a3dc86e80bf81758c152fe66dbf60ed5eca3d26305edf01892257049925",
                "sha256:97a68e6ada378df82bc9f16b800ab77cbf4b2fada0081794318520138c088e4a",
                "sha256:99a2a507ed3ac881b975a2976d59f38c19386d128e7a9a18b7df6fff1fd4c1d6",
                "sha256:a49907dd8420c5685cfa064a1335b6754b74541bbb3706c259c02ed65b644b3e",
                "sha256:b09bf97215625a311f669476f44b8b318b075847b49316d3e28c08e41a7a573f",
                "sha256:b7bd98b796e2b6553da7225aeb61f447f80a1ca64f41d83612e6139ca5213aa4",
                "sha256:b87db4360013327109564f0e591bd2a3b318547bcef31b468a92ee504d07ae4f",
                "sha256:bcb3ed405ed3222f9904899563d6fc492ff75cce56cba05e32eff40e6acbeaa3",
                "sha256:d4306c36ca495956b6d568d276ac11fdd9c30a36f1b6eb928070dc5360b22e1c",
                "sha256:d5ee4f386140395a2c818d149221149c54849dfcfcb9f1debfe07a8b8bd63f9a",
                "sha256:dda30ba7e87fbbb7eab1ec9f58678558fd9a6b8b853530e176eabd064da81417",
                "sha256:e04e26803c9c3851c931eac40c695602c6295b8d432cbe78609649ad9bd2da8a",
                "sha256:e1c0b87e09fa55a220f058d1d49d3fb8df88fbfab58558f1198e08c1e1de842a",
                "sha256:e72591e9ecd94d7feb70c1cbd7be7b3ebea3f548870aa91e2732960fa4d57a37",
                "sha256:e8c843bbcda3a2f1e3c2ab25913c80a3c5376cd00c6e8c4a86a89a28c8dc5452",
                "sha256:efc1913fd2ca4f334418481c7e595c00aad186563bbc1ec76067848c7ca0a933",
                "sha256:f121a1420d4e173a5d96e47e9a0c0dcff965afdf1626d28de1460815f7c4ee7a",
                "sha256:fc7b548b17d238737688817ab67deebb30e8073c95749d55538ed473130ec0c7"
            ],
            "markers": "python_version >= '3.7'",
            "version": "==2.1.1"
        },
        "more-itertools": {
            "hashes": [
                "sha256:43e6dd9942dffd72661a2c4ef383ad7da1e6a3e968a927ad7a6083ab410a688b",
                "sha256:7dc6ad46f05f545f900dd59e8dfb4e84a4827b97b3cfecb175ea0c7d247f6064"
            ],
            "markers": "python_version >= '3.5'",
            "version": "==8.12.0"
        },
        "packaging": {
            "hashes": [
                "sha256:dd47c42927d89ab911e606518907cc2d3a1f38bbd026385970643f9c5b8ecfeb",
                "sha256:ef103e05f519cdc783ae24ea4e2e0f508a9c99b2d4969652eed6a2e1ea5bd522"
            ],
            "markers": "python_version >= '3.6'",
            "version": "==21.3"
        },
        "paste": {
            "hashes": [
                "sha256:17751a6e0d0e38054ff97e4b6efe9870c09dcb72fbe7630c1a31a6aeb266eebb",
                "sha256:8bdc7f6be907eed7cd63868c79d88af2b87d02d840fb5acfc93d4bda572b1567"
            ],
            "index": "pypi",
            "version": "==3.2.3"
        },
        "pluggy": {
            "hashes": [
                "sha256:15b2acde666561e1298d71b523007ed7364de07029219b604cf808bfa1c765b0",
                "sha256:966c145cd83c96502c3c3868f50408687b38434af77734af1e9ca461a4081d2d"
            ],
            "markers": "python_version >= '2.7' and python_version not in '3.0, 3.1, 3.2, 3.3'",
            "version": "==0.13.1"
        },
        "py": {
            "hashes": [
                "sha256:51c75c4126074b472f746a24399ad32f6053d1b34b68d2fa41e558e6f4a98719",
                "sha256:607c53218732647dff4acdfcd50cb62615cedf612e72d1724fb1a0cc6405b378"
            ],
            "markers": "python_version >= '2.7' and python_version not in '3.0, 3.1, 3.2, 3.3, 3.4'",
            "version": "==1.11.0"
        },
        "pyparsing": {
            "hashes": [
                "sha256:18ee9022775d270c55187733956460083db60b37d0d0fb357445f3094eed3eea",
                "sha256:a6c06a88f252e6c322f65faf8f418b16213b51bdfaece0524c1c1bc30c63c484"
            ],
            "markers": "python_version >= '3.6'",
            "version": "==3.0.7"
        },
        "pytest": {
            "hashes": [
                "sha256:6b571215b5a790f9b41f19f3531c53a45cf6bb8ef2988bc1ff9afb38270b25fa",
                "sha256:e41d489ff43948babd0fad7ad5e49b8735d5d55e26628a58673c39ff61d95de4"
            ],
            "index": "pypi",
            "version": "==5.3.2"
        },
        "pyyaml": {
            "hashes": [
                "sha256:0e7f69397d53155e55d10ff68fdfb2cf630a35e6daf65cf0bdeaf04f127c09dc",
                "sha256:2e9f0b7c5914367b0916c3c104a024bb68f269a486b9d04a2e8ac6f6597b7803",
                "sha256:35ace9b4147848cafac3db142795ee42deebe9d0dad885ce643928e88daebdcc",
                "sha256:38a4f0d114101c58c0f3a88aeaa44d63efd588845c5a2df5290b73db8f246d15",
                "sha256:483eb6a33b671408c8529106df3707270bfacb2447bf8ad856a4b4f57f6e3075",
                "sha256:4b6be5edb9f6bb73680f5bf4ee08ff25416d1400fbd4535fe0069b2994da07cd",
                "sha256:7f38e35c00e160db592091751d385cd7b3046d6d51f578b29943225178257b31",
                "sha256:8100c896ecb361794d8bfdb9c11fce618c7cf83d624d73d5ab38aef3bc82d43f",
                "sha256:c0ee8eca2c582d29c3c2ec6e2c4f703d1b7f1fb10bc72317355a746057e7346c",
                "sha256:e4c015484ff0ff197564917b4b4246ca03f411b9bd7f16e02a2f586eb48b6d04",
                "sha256:ebc4ed52dcc93eeebeae5cf5deb2ae4347b3a81c3fa12b0b8c976544829396a4"
            ],
            "index": "pypi",
            "version": "==5.2"
        },
        "six": {
            "hashes": [
                "sha256:1e61c37477a1626458e36f7b1d82aa5c9b094fa4802892072e49de9c60c4c926",
                "sha256:8abb2f1d86890a2dfb989f9a77cfcfd3e47c2a354b01111771326f8aa26e0254"
            ],
            "markers": "python_version >= '2.7' and python_version not in '3.0, 3.1, 3.2, 3.3'",
            "version": "==1.16.0"
        },
        "waitress": {
            "hashes": [
                "sha256:c549f5b2b4afd44d9d97d7cec79f3ef581e25d832827f415dc175327af674aa8",
                "sha256:e2e60576cf14a1539da79f7b7ee1e79a71e64f366a0b47db54a15e971f57bb16"
            ],
            "index": "pypi",
            "version": "==2.1.1"
        },
        "wcwidth": {
            "hashes": [
                "sha256:beb4802a9cebb9144e99086eff703a642a13d6a0052920003a230f3294bbe784",
                "sha256:c4d647b99872929fdb7bdcaa4fbe7f01413ed3d98077df798530e5b04f116c83"
            ],
            "version": "==0.2.5"
        },
        "werkzeug": {
            "hashes": [
                "sha256:1421ebfc7648a39a5c58c601b154165d05cf47a3cd0ccb70857cbdacf6c8f2b8",
                "sha256:b863f8ff057c522164b6067c9e28b041161b4be5ba4d0daceeaa50a163822d3c"
            ],
            "markers": "python_version >= '3.6'",
            "version": "==2.0.3"
        }
    },
    "develop": {}
}
